
Microsoft Visual Studio Solution File, Format Version 12.00
# Visual Studio Version 16
VisualStudioVersion = 16.0.30523.141
MinimumVisualStudioVersion = 10.0.40219.1
Project("{FAE04EC0-301F-11D3-BF4B-00C04F79EFBC}") = "WebProd", "WebProd.csproj", "{90B8D994-3F5F-4B6C-823D-356FFFEBE1FA}"
EndProject
Project("{FAE04EC0-301F-11D3-BF4B-00C04F79EFBC}") = "WebApi", "..\WebApi\WebApi.csproj", "{F2E38401-FC00-466D-AD81-E8D8895B13DF}"
EndProject
Global
	GlobalSection(SolutionConfigurationPlatforms) = preSolution
		Debug|Any CPU = Debug|Any CPU
		Release|Any CPU = Release|Any CPU
	EndGlobalSection
	GlobalSection(ProjectConfigurationPlatforms) = postSolution
		{90B8D994-3F5F-4B6C-823D-356FFFEBE1FA}.Debug|Any CPU.ActiveCfg = Debug|Any CPU
		{90B8D994-3F5F-4B6C-823D-356FFFEBE1FA}.Debug|Any CPU.Build.0 = Debug|Any CPU
		{90B8D994-3F5F-4B6C-823D-356FFFEBE1FA}.Release|Any CPU.ActiveCfg = Release|Any CPU
		{90B8D994-3F5F-4B6C-823D-356FFFEBE1FA}.Release|Any CPU.Build.0 = Release|Any CPU
		{F2E38401-FC00-466D-AD81-E8D8895B13DF}.Debug|Any CPU.ActiveCfg = Debug|Any CPU
		{F2E38401-FC00-466D-AD81-E8D8895B13DF}.Debug|Any CPU.Build.0 = Debug|Any CPU
		{F2E38401-FC00-466D-AD81-E8D8895B13DF}.Release|Any CPU.ActiveCfg = Release|Any CPU
		{F2E38401-FC00-466D-AD81-E8D8895B13DF}.Release|Any CPU.Build.0 = Release|Any CPU
	EndGlobalSection
	GlobalSection(SolutionProperties) = preSolution
		HideSolutionNode = FALSE
	EndGlobalSection
	GlobalSection(ExtensibilityGlobals) = postSolution
		SolutionGuid = {DE9C77D0-5EDA-4196-AA21-73946B4CDF6C}
	EndGlobalSection
EndGlobal
